// !$*UTF8*$!
{
	archiveVersion = 1;
	classes = {
	};
	objectVersion = 46;
	objects = {

/* Begin PBXBuildFile section */
		C082A3521CADE6B7005791E4 /* Grid.swift in Sources */ = {isa = PBXBuildFile; fileRef = C082A3511CADE6B7005791E4 /* Grid.swift */; };
		C082A3531CADE6B7005791E4 /* Grid.swift in Sources */ = {isa = PBXBuildFile; fileRef = C082A3511CADE6B7005791E4 /* Grid.swift */; };
		C082A3551CADEA62005791E4 /* GridTest.swift in Sources */ = {isa = PBXBuildFile; fileRef = C082A3541CADEA62005791E4 /* GridTest.swift */; };
		C0A990C11CACC64200ACE904 /* main.swift in Sources */ = {isa = PBXBuildFile; fileRef = C0A990C01CACC64200ACE904 /* main.swift */; };
		C0A990D71CACC70800ACE904 /* PathFinderTest.swift in Sources */ = {isa = PBXBuildFile; fileRef = C0A990D61CACC70800ACE904 /* PathFinderTest.swift */; };
		C0A990D91CACC74D00ACE904 /* PathFinder.swift in Sources */ = {isa = PBXBuildFile; fileRef = C0A990D81CACC74D00ACE904 /* PathFinder.swift */; };
		C0A990DA1CACC76200ACE904 /* PathFinder.swift in Sources */ = {isa = PBXBuildFile; fileRef = C0A990D81CACC74D00ACE904 /* PathFinder.swift */; };
/* End PBXBuildFile section */

/* Begin PBXContainerItemProxy section */
		C0A990D41CACC6C200ACE904 /* PBXContainerItemProxy */ = {
			isa = PBXContainerItemProxy;
			containerPortal = C0A990B51CACC64200ACE904 /* Project object */;
			proxyType = 1;
			remoteGlobalIDString = C0A990BC1CACC64200ACE904;
			remoteInfo = PathOfLeastResistance;
		};
/* End PBXContainerItemProxy section */

/* Begin PBXCopyFilesBuildPhase section */
		C0A990BB1CACC64200ACE904 /* CopyFiles */ = {
			isa = PBXCopyFilesBuildPhase;
			buildActionMask = 2147483647;
			dstPath = /usr/share/man/man1/;
			dstSubfolderSpec = 0;
			files = (
			);
			runOnlyForDeploymentPostprocessing = 1;
		};
/* End PBXCopyFilesBuildPhase section */

/* Begin PBXFileReference section */
		C082A3511CADE6B7005791E4 /* Grid.swift */ = {isa = PBXFileReference; fileEncoding = 4; lastKnownFileType = sourcecode.swift; path = Grid.swift; sourceTree = "<group>"; };
		C082A3541CADEA62005791E4 /* GridTest.swift */ = {isa = PBXFileReference; fileEncoding = 4; lastKnownFileType = sourcecode.swift; path = GridTest.swift; sourceTree = "<group>"; };
		C0A990BD1CACC64200ACE904 /* PathOfLeastResistance */ = {isa = PBXFileReference; explicitFileType = "compiled.mach-o.executable"; includeInIndex = 0; path = PathOfLeastResistance; sourceTree = BUILT_PRODUCTS_DIR; };
		C0A990C01CACC64200ACE904 /* main.swift */ = {isa = PBXFileReference; lastKnownFileType = sourcecode.swift; path = main.swift; sourceTree = "<group>"; };
		C0A990CC1CACC67400ACE904 /* Test.xctest */ = {isa = PBXFileReference; explicitFileType = wrapper.cfbundle; includeInIndex = 0; path = Test.xctest; sourceTree = BUILT_PRODUCTS_DIR; };
		C0A990D01CACC67400ACE904 /* Info.plist */ = {isa = PBXFileReference; lastKnownFileType = text.plist.xml; path = Info.plist; sourceTree = "<group>"; };
		C0A990D61CACC70800ACE904 /* PathFinderTest.swift */ = {isa = PBXFileReference; fileEncoding = 4; lastKnownFileType = sourcecode.swift; path = PathFinderTest.swift; sourceTree = "<group>"; };
		C0A990D81CACC74D00ACE904 /* PathFinder.swift */ = {isa = PBXFileReference; fileEncoding = 4; lastKnownFileType = sourcecode.swift; path = PathFinder.swift; sourceTree = "<group>"; };
/* End PBXFileReference section */

/* Begin PBXFrameworksBuildPhase section */
		C0A990BA1CACC64200ACE904 /* Frameworks */ = {
			isa = PBXFrameworksBuildPhase;
			buildActionMask = 2147483647;
			files = (
			);
			runOnlyForDeploymentPostprocessing = 0;
		};
		C0A990C91CACC67400ACE904 /* Frameworks */ = {
			isa = PBXFrameworksBuildPhase;
			buildActionMask = 2147483647;
			files = (
			);
			runOnlyForDeploymentPostprocessing = 0;
		};
/* End PBXFrameworksBuildPhase section */

/* Begin PBXGroup section */
		C0A990B41CACC64200ACE904 = {
			isa = PBXGroup;
			children = (
				C0A990BF1CACC64200ACE904 /* PathOfLeastResistance */,
				C0A990CD1CACC67400ACE904 /* Test */,
				C0A990BE1CACC64200ACE904 /* Products */,
			);
			sourceTree = "<group>";
		};
		C0A990BE1CACC64200ACE904 /* Products */ = {
			isa = PBXGroup;
			children = (
				C0A990BD1CACC64200ACE904 /* PathOfLeastResistance */,
				C0A990CC1CACC67400ACE904 /* Test.xctest */,
			);
			name = Products;
			sourceTree = "<group>";
		};
		C0A990BF1CACC64200ACE904 /* PathOfLeastResistance */ = {
			isa = PBXGroup;
			children = (
				C0A990C01CACC64200ACE904 /* main.swift */,
				C0A990D81CACC74D00ACE904 /* PathFinder.swift */,
				C082A3511CADE6B7005791E4 /* Grid.swift */,
			);
			path = PathOfLeastResistance;
			sourceTree = "<group>";
		};
		C0A990CD1CACC67400ACE904 /* Test */ = {
			isa = PBXGroup;
			children = (
				C0A990D01CACC67400ACE904 /* Info.plist */,
				C0A990D61CACC70800ACE904 /* PathFinderTest.swift */,
				C082A3541CADEA62005791E4 /* GridTest.swift */,
			);
			path = Test;
			sourceTree = "<group>";
		};
/* End PBXGroup section */

/* Begin PBXNativeTarget section */
		C0A990BC1CACC64200ACE904 /* PathOfLeastResistance */ = {
			isa = PBXNativeTarget;
			buildConfigurationList = C0A990C41CACC64200ACE904 /* Build configuration list for PBXNativeTarget "PathOfLeastResistance" */;
			buildPhases = (
				C0A990B91CACC64200ACE904 /* Sources */,
				C0A990BA1CACC64200ACE904 /* Frameworks */,
				C0A990BB1CACC64200ACE904 /* CopyFiles */,
			);
			buildRules = (
			);
			dependencies = (
			);
			name = PathOfLeastResistance;
			productName = PathOfLeastResistance;
			productReference = C0A990BD1CACC64200ACE904 /* PathOfLeastResistance */;
			productType = "com.apple.product-type.tool";
		};
		C0A990CB1CACC67400ACE904 /* Test */ = {
			isa = PBXNativeTarget;
			buildConfigurationList = C0A990D11CACC67400ACE904 /* Build configuration list for PBXNativeTarget "Test" */;
			buildPhases = (
				C0A990C81CACC67400ACE904 /* Sources */,
				C0A990C91CACC67400ACE904 /* Frameworks */,
				C0A990CA1CACC67400ACE904 /* Resources */,
			);
			buildRules = (
			);
			dependencies = (
				C0A990D51CACC6C200ACE904 /* PBXTargetDependency */,
			);
			name = Test;
			productName = Test;
			productReference = C0A990CC1CACC67400ACE904 /* Test.xctest */;
			productType = "com.apple.product-type.bundle.unit-test";
		};
/* End PBXNativeTarget section */

/* Begin PBXProject section */
		C0A990B51CACC64200ACE904 /* Project object */ = {
			isa = PBXProject;
			attributes = {
				LastSwiftUpdateCheck = 0730;
				LastUpgradeCheck = 0730;
				ORGANIZATIONNAME = "Ryan Boder";
				TargetAttributes = {
					C0A990BC1CACC64200ACE904 = {
						CreatedOnToolsVersion = 7.3;
					};
					C0A990CB1CACC67400ACE904 = {
						CreatedOnToolsVersion = 7.3;
					};
				};
			};
			buildConfigurationList = C0A990B81CACC64200ACE904 /* Build configuration list for PBXProject "PathOfLeastResistance" */;
			compatibilityVersion = "Xcode 3.2";
			developmentRegion = English;
			hasScannedForEncodings = 0;
			knownRegions = (
				en,
			);
			mainGroup = C0A990B41CACC64200ACE904;
			productRefGroup = C0A990BE1CACC64200ACE904 /* Products */;
			projectDirPath = "";
			projectRoot = "";
			targets = (
				C0A990BC1CACC64200ACE904 /* PathOfLeastResistance */,
				C0A990CB1CACC67400ACE904 /* Test */,
			);
		};
/* End PBXProject section */

/* Begin PBXResourcesBuildPhase section */
		C0A990CA1CACC67400ACE904 /* Resources */ = {
			isa = PBXResourcesBuildPhase;
			buildActionMask = 2147483647;
			files = (
			);
			runOnlyForDeploymentPostprocessing = 0;
		};
/* End PBXResourcesBuildPhase section */

/* Begin PBXSourcesBuildPhase section */
		C0A990B91CACC64200ACE904 /* Sources */ = {
			isa = PBXSourcesBuildPhase;
			buildActionMask = 2147483647;
			files = (
				C0A990D91CACC74D00ACE904 /* PathFinder.swift in Sources */,
				C0A990C11CACC64200ACE904 /* main.swift in Sources */,
				C082A3521CADE6B7005791E4 /* Grid.swift in Sources */,
			);
			runOnlyForDeploymentPostprocessing = 0;
		};
		C0A990C81CACC67400ACE904 /* Sources */ = {
			isa = PBXSourcesBuildPhase;
			buildActionMask = 2147483647;
			files = (
				C0A990DA1CACC76200ACE904 /* PathFinder.swift in Sources */,
				C0A990D71CACC70800ACE904 /* PathFinderTest.swift in Sources */,
				C082A3531CADE6B7005791E4 /* Grid.swift in Sources */,
				C082A3551CADEA62005791E4 /* GridTest.swift in Sources */,
			);
			runOnlyForDeploymentPostprocessing = 0;
		};
/* End PBXSourcesBuildPhase section */

/* Begin PBXTargetDependency section */
		C0A990D51CACC6C200ACE904 /* PBXTargetDependency */ = {
			isa = PBXTargetDependency;
			target = C0A990BC1CACC64200ACE904 /* PathOfLeastResistance */;
			targetProxy = C0A990D41CACC6C200ACE904 /* PBXContainerItemProxy */;
		};
/* End PBXTargetDependency section */

/* Begin XCBuildConfiguration section */
		C0A990C21CACC64200ACE904 /* Debug */ = {
			isa = XCBuildConfiguration;
			buildSettings = {
				ALWAYS_SEARCH_USER_PATHS = NO;
				CLANG_ANALYZER_NONNULL = YES;
				CLANG_CXX_LANGUAGE_STANDARD = "gnu++0x";
				CLANG_CXX_LIBRARY = "libc++";
				CLANG_ENABLE_MODULES = YES;
				CLANG_ENABLE_OBJC_ARC = YES;
				CLANG_WARN_BOOL_CONVERSION = YES;
				CLANG_WARN_CONSTANT_CONVERSION = YES;
				CLANG_WARN_DIRECT_OBJC_ISA_USAGE = YES_ERROR;
				CLANG_WARN_EMPTY_BODY = YES;
				CLANG_WARN_ENUM_CONVERSION = YES;
				CLANG_WARN_INT_CONVERSION = YES;
				CLANG_WARN_OBJC_ROOT_CLASS = YES_ERROR;
				CLANG_WARN_UNREACHABLE_CODE = YES;
				CLANG_WARN__DUPLICATE_METHOD_MATCH = YES;
				CODE_SIGN_IDENTITY = "-";
				COPY_PHASE_STRIP = NO;
				DEBUG_INFORMATION_FORMAT = dwarf;
				ENABLE_STRICT_OBJC_MSGSEND = YES;
				ENABLE_TESTABILITY = YES;
				GCC_C_LANGUAGE_STANDARD = gnu99;
				GCC_DYNAMIC_NO_PIC = NO;
				GCC_NO_COMMON_BLOCKS = YES;
				GCC_OPTIMIZATION_LEVEL = 0;
				GCC_PREPROCESSOR_DEFINITIONS = (
					"DEBUG=1",
					"$(inherited)",
				);
				GCC_WARN_64_TO_32_BIT_CONVERSION = YES;
				GCC_WARN_ABOUT_RETURN_TYPE = YES_ERROR;
				GCC_WARN_UNDECLARED_SELECTOR = YES;
				GCC_WARN_UNINITIALIZED_AUTOS = YES_AGGRESSIVE;
				GCC_WARN_UNUSED_FUNCTION = YES;
				GCC_WARN_UNUSED_VARIABLE = YES;
				MACOSX_DEPLOYMENT_TARGET = 10.11;
				MTL_ENABLE_DEBUG_INFO = YES;
				ONLY_ACTIVE_ARCH = YES;
				SDKROOT = macosx;
				SWIFT_OPTIMIZATION_LEVEL = "-Onone";
			};
			name = Debug;
		};
		C0A990C31CACC64200ACE904 /* Release */ = {
			isa = XCBuildConfiguration;
			buildSettings = {
				ALWAYS_SEARCH_USER_PATHS = NO;
				CLANG_ANALYZER_NONNULL = YES;
				CLANG_CXX_LANGUAGE_STANDARD = "gnu++0x";
				CLANG_CXX_LIBRARY = "libc++";
				CLANG_ENABLE_MODULES = YES;
				CLANG_ENABLE_OBJC_ARC = YES;
				CLANG_WARN_BOOL_CONVERSION = YES;
				CLANG_WARN_CONSTANT_CONVERSION = YES;
				CLANG_WARN_DIRECT_OBJC_ISA_USAGE = YES_ERROR;
				CLANG_WARN_EMPTY_BODY = YES;
				CLANG_WARN_ENUM_CONVERSION = YES;
				CLANG_WARN_INT_CONVERSION = YES;
				CLANG_WARN_OBJC_ROOT_CLASS = YES_ERROR;
				CLANG_WARN_UNREACHABLE_CODE = YES;
				CLANG_WARN__DUPLICATE_METHOD_MATCH = YES;
				CODE_SIGN_IDENTITY = "-";
				COPY_PHASE_STRIP = NO;
				DEBUG_INFORMATION_FORMAT = "dwarf-with-dsym";
				ENABLE_NS_ASSERTIONS = NO;
				ENABLE_STRICT_OBJC_MSGSEND = YES;
				GCC_C_LANGUAGE_STANDARD = gnu99;
				GCC_NO_COMMON_BLOCKS = YES;
				GCC_WARN_64_TO_32_BIT_CONVERSION = YES;
				GCC_WARN_ABOUT_RETURN_TYPE = YES_ERROR;
				GCC_WARN_UNDECLARED_SELECTOR = YES;
				GCC_WARN_UNINITIALIZED_AUTOS = YES_AGGRESSIVE;
				GCC_WARN_UNUSED_FUNCTION = YES;
				GCC_WARN_UNUSED_VARIABLE = YES;
				MACOSX_DEPLOYMENT_TARGET = 10.11;
				MTL_ENABLE_DEBUG_INFO = NO;
				SDKROOT = macosx;
			};
			name = Release;
		};
		C0A990C51CACC64200ACE904 /* Debug */ = {
			isa = XCBuildConfiguration;
			buildSettings = {
				PRODUCT_NAME = "$(TARGET_NAME)";
			};
			name = Debug;
		};
		C0A990C61CACC64200ACE904 /* Release */ = {
			isa = XCBuildConfiguration;
			buildSettings = {
				PRODUCT_NAME = "$(TARGET_NAME)";
			};
			name = Release;
		};
		C0A990D21CACC67400ACE904 /* Debug */ = {
			isa = XCBuildConfiguration;
			buildSettings = {
				CLANG_ENABLE_MODULES = YES;
				COMBINE_HIDPI_IMAGES = YES;
				INFOPLIST_FILE = Test/Info.plist;
				LD_RUNPATH_SEARCH_PATHS = "$(inherited) @executable_path/../Frameworks @loader_path/../Frameworks";
				PRODUCT_BUNDLE_IDENTIFIER = org.boder.Test;
				PRODUCT_NAME = "$(TARGET_NAME)";
				SWIFT_OPTIMIZATION_LEVEL = "-Onone";
			};
			name = Debug;
		};
		C0A990D31CACC67400ACE904 /* Release */ = {
			isa = XCBuildConfiguration;
			buildSettings = {
				CLANG_ENABLE_MODULES = YES;
				COMBINE_HIDPI_IMAGES = YES;
				INFOPLIST_FILE = Test/Info.plist;
				LD_RUNPATH_SEARCH_PATHS = "$(inherited) @executable_path/../Frameworks @loader_path/../Frameworks";
				PRODUCT_BUNDLE_IDENTIFIER = org.boder.Test;
				PRODUCT_NAME = "$(TARGET_NAME)";
			};
			name = Release;
		};
/* End XCBuildConfiguration section */

/* Begin XCConfigurationList section */
		C0A990B81CACC64200ACE904 /* Build configuration list for PBXProject "PathOfLeastResistance" */ = {
			isa = XCConfigurationList;
			buildConfigurations = (
				C0A990C21CACC64200ACE904 /* Debug */,
				C0A990C31CACC64200ACE904 /* Release */,
			);
			defaultConfigurationIsVisible = 0;
			defaultConfigurationName = Release;
		};
		C0A990C41CACC64200ACE904 /* Build configuration list for PBXNativeTarget "PathOfLeastResistance" */ = {
			isa = XCConfigurationList;
			buildConfigurations = (
				C0A990C51CACC64200ACE904 /* Debug */,
				C0A990C61CACC64200ACE904 /* Release */,
			);
			defaultConfigurationIsVisible = 0;
			defaultConfigurationName = Release;
		};
		C0A990D11CACC67400ACE904 /* Build configuration list for PBXNativeTarget "Test" */ = {
			isa = XCConfigurationList;
			buildConfigurations = (
				C0A990D21CACC67400ACE904 /* Debug */,
				C0A990D31CACC67400ACE904 /* Release */,
			);
			defaultConfigurationIsVisible = 0;
			defaultConfigurationName = Release;
		};
/* End XCConfigurationList section */
	};
	rootObject = C0A990B51CACC64200ACE904 /* Project object */;
}
